
Microsoft Visual Studio Solution File, Format Version 12.00
# Visual Studio 15
VisualStudioVersion = 15.0.28307.329
MinimumVisualStudioVersion = 10.0.40219.1
Project("{FAE04EC0-301F-11D3-BF4B-00C04F79EFBC}") = "Zakovska.Android", "Zakovska\Zakovska.Android\Zakovska.Android.csproj", "{DEA2B2DE-F8B9-48CD-B114-2E477DB31D6C}"
EndProject
Project("{FAE04EC0-301F-11D3-BF4B-00C04F79EFBC}") = "Zakovska.iOS", "Zakovska\Zakovska.iOS\Zakovska.iOS.csproj", "{632948EB-BD83-4B61-8EBD-A00A9F79B4CD}"
EndProject
Project("{FAE04EC0-301F-11D3-BF4B-00C04F79EFBC}") = "Zakovska.UWP", "Zakovska\Zakovska.UWP\Zakovska.UWP.csproj", "{319B1983-81CA-487E-A246-B298CE6EA389}"
EndProject
Project("{9A19103F-16F7-4668-BE54-9A1E7A4F7556}") = "Zakovska", "Zakovska\Zakovska\Zakovska.csproj", "{60DA5FCC-1D49-4D19-AD99-44F9B0EAFB2D}"
EndProject
Project("{2150E333-8FDC-42A3-9474-1A3956D46DE8}") = "Client", "Client", "{FE50156A-2A47-45D6-A164-841EF75916B6}"
EndProject
Project("{2150E333-8FDC-42A3-9474-1A3956D46DE8}") = "Model", "Model", "{7ACE9266-E8D1-4CE0-9672-D9D3CA518D1B}"
EndProject
Project("{FAE04EC0-301F-11D3-BF4B-00C04F79EFBC}") = "MyConsole", "Console\MyConsole.csproj", "{E1E08854-E066-4DD3-9E69-9520E58D9362}"
EndProject
Project("{FAE04EC0-301F-11D3-BF4B-00C04F79EFBC}") = "ClassLibrary", "ClassLibrary\ClassLibrary.csproj", "{94623C62-8117-418A-8AB3-29291E6EAE11}"
EndProject
Global
	GlobalSection(SolutionConfigurationPlatforms) = preSolution
		Ad-Hoc|Any CPU = Ad-Hoc|Any CPU
		Ad-Hoc|ARM = Ad-Hoc|ARM
		Ad-Hoc|iPhone = Ad-Hoc|iPhone
		Ad-Hoc|iPhoneSimulator = Ad-Hoc|iPhoneSimulator
		Ad-Hoc|x64 = Ad-Hoc|x64
		Ad-Hoc|x86 = Ad-Hoc|x86
		AppStore|Any CPU = AppStore|Any CPU
		AppStore|ARM = AppStore|ARM
		AppStore|iPhone = AppStore|iPhone
		AppStore|iPhoneSimulator = AppStore|iPhoneSimulator
		AppStore|x64 = AppStore|x64
		AppStore|x86 = AppStore|x86
		Debug|Any CPU = Debug|Any CPU
		Debug|ARM = Debug|ARM
		Debug|iPhone = Debug|iPhone
		Debug|iPhoneSimulator = Debug|iPhoneSimulator
		Debug|x64 = Debug|x64
		Debug|x86 = Debug|x86
		Release|Any CPU = Release|Any CPU
		Release|ARM = Release|ARM
		Release|iPhone = Release|iPhone
		Release|iPhoneSimulator = Release|iPhoneSimulator
		Release|x64 = Release|x64
		Release|x86 = Release|x86
	EndGlobalSection
	GlobalSection(ProjectConfigurationPlatforms) = postSolution
		{DEA2B2DE-F8B9-48CD-B114-2E477DB31D6C}.Ad-Hoc|Any CPU.ActiveCfg = Release|Any CPU
		{DEA2B2DE-F8B9-48CD-B114-2E477DB31D6C}.Ad-Hoc|Any CPU.Build.0 = Release|Any CPU
		{DEA2B2DE-F8B9-48CD-B114-2E477DB31D6C}.Ad-Hoc|Any CPU.Deploy.0 = Release|Any CPU
		{DEA2B2DE-F8B9-48CD-B114-2E477DB31D6C}.Ad-Hoc|ARM.ActiveCfg = Release|Any CPU
		{DEA2B2DE-F8B9-48CD-B114-2E477DB31D6C}.Ad-Hoc|ARM.Build.0 = Release|Any CPU
		{DEA2B2DE-F8B9-48CD-B114-2E477DB31D6C}.Ad-Hoc|ARM.Deploy.0 = Release|Any CPU
		{DEA2B2DE-F8B9-48CD-B114-2E477DB31D6C}.Ad-Hoc|iPhone.ActiveCfg = Release|Any CPU
		{DEA2B2DE-F8B9-48CD-B114-2E477DB31D6C}.Ad-Hoc|iPhone.Build.0 = Release|Any CPU
		{DEA2B2DE-F8B9-48CD-B114-2E477DB31D6C}.Ad-Hoc|iPhone.Deploy.0 = Release|Any CPU
		{DEA2B2DE-F8B9-48CD-B114-2E477DB31D6C}.Ad-Hoc|iPhoneSimulator.ActiveCfg = Release|Any CPU
		{DEA2B2DE-F8B9-48CD-B114-2E477DB31D6C}.Ad-Hoc|iPhoneSimulator.Build.0 = Release|Any CPU
		{DEA2B2DE-F8B9-48CD-B114-2E477DB31D6C}.Ad-Hoc|iPhoneSimulator.Deploy.0 = Release|Any CPU
		{DEA2B2DE-F8B9-48CD-B114-2E477DB31D6C}.Ad-Hoc|x64.ActiveCfg = Release|Any CPU
		{DEA2B2DE-F8B9-48CD-B114-2E477DB31D6C}.Ad-Hoc|x64.Build.0 = Release|Any CPU
		{DEA2B2DE-F8B9-48CD-B114-2E477DB31D6C}.Ad-Hoc|x64.Deploy.0 = Release|Any CPU
		{DEA2B2DE-F8B9-48CD-B114-2E477DB31D6C}.Ad-Hoc|x86.ActiveCfg = Release|Any CPU
		{DEA2B2DE-F8B9-48CD-B114-2E477DB31D6C}.Ad-Hoc|x86.Build.0 = Release|Any CPU
		{DEA2B2DE-F8B9-48CD-B114-2E477DB31D6C}.Ad-Hoc|x86.Deploy.0 = Release|Any CPU
		{DEA2B2DE-F8B9-48CD-B114-2E477DB31D6C}.AppStore|Any CPU.ActiveCfg = Release|Any CPU
		{DEA2B2DE-F8B9-48CD-B114-2E477DB31D6C}.AppStore|Any CPU.Build.0 = Release|Any CPU
		{DEA2B2DE-F8B9-48CD-B114-2E477DB31D6C}.AppStore|Any CPU.Deploy.0 = Release|Any CPU
		{DEA2B2DE-F8B9-48CD-B114-2E477DB31D6C}.AppStore|ARM.ActiveCfg = Release|Any CPU
		{DEA2B2DE-F8B9-48CD-B114-2E477DB31D6C}.AppStore|ARM.Build.0 = Release|Any CPU
		{DEA2B2DE-F8B9-48CD-B114-2E477DB31D6C}.AppStore|ARM.Deploy.0 = Release|Any CPU
		{DEA2B2DE-F8B9-48CD-B114-2E477DB31D6C}.AppStore|iPhone.ActiveCfg = Release|Any CPU
		{DEA2B2DE-F8B9-48CD-B114-2E477DB31D6C}.AppStore|iPhone.Build.0 = Release|Any CPU
		{DEA2B2DE-F8B9-48CD-B114-2E477DB31D6C}.AppStore|iPhone.Deploy.0 = Release|Any CPU
		{DEA2B2DE-F8B9-48CD-B114-2E477DB31D6C}.AppStore|iPhoneSimulator.ActiveCfg = Release|Any CPU
		{DEA2B2DE-F8B9-48CD-B114-2E477DB31D6C}.AppStore|iPhoneSimulator.Build.0 = Release|Any CPU
		{DEA2B2DE-F8B9-48CD-B114-2E477DB31D6C}.AppStore|iPhoneSimulator.Deploy.0 = Release|Any CPU
		{DEA2B2DE-F8B9-48CD-B114-2E477DB31D6C}.AppStore|x64.ActiveCfg = Release|Any CPU
		{DEA2B2DE-F8B9-48CD-B114-2E477DB31D6C}.AppStore|x64.Build.0 = Release|Any CPU
		{DEA2B2DE-F8B9-48CD-B114-2E477DB31D6C}.AppStore|x64.Deploy.0 = Release|Any CPU
		{DEA2B2DE-F8B9-48CD-B114-2E477DB31D6C}.AppStore|x86.ActiveCfg = Release|Any CPU
		{DEA2B2DE-F8B9-48CD-B114-2E477DB31D6C}.AppStore|x86.Build.0 = Release|Any CPU
		{DEA2B2DE-F8B9-48CD-B114-2E477DB31D6C}.AppStore|x86.Deploy.0 = Release|Any CPU
		{DEA2B2DE-F8B9-48CD-B114-2E477DB31D6C}.Debug|Any CPU.ActiveCfg = Debug|Any CPU
		{DEA2B2DE-F8B9-48CD-B114-2E477DB31D6C}.Debug|Any CPU.Build.0 = Debug|Any CPU
		{DEA2B2DE-F8B9-48CD-B114-2E477DB31D6C}.Debug|Any CPU.Deploy.0 = Debug|Any CPU
		{DEA2B2DE-F8B9-48CD-B114-2E477DB31D6C}.Debug|ARM.ActiveCfg = Debug|Any CPU
		{DEA2B2DE-F8B9-48CD-B114-2E477DB31D6C}.Debug|ARM.Build.0 = Debug|Any CPU
		{DEA2B2DE-F8B9-48CD-B114-2E477DB31D6C}.Debug|ARM.Deploy.0 = Debug|Any CPU
		{DEA2B2DE-F8B9-48CD-B114-2E477DB31D6C}.Debug|iPhone.ActiveCfg = Debug|Any CPU
		{DEA2B2DE-F8B9-48CD-B114-2E477DB31D6C}.Debug|iPhone.Build.0 = Debug|Any CPU
		{DEA2B2DE-F8B9-48CD-B114-2E477DB31D6C}.Debug|iPhone.Deploy.0 = Debug|Any CPU
		{DEA2B2DE-F8B9-48CD-B114-2E477DB31D6C}.Debug|iPhoneSimulator.ActiveCfg = Debug|Any CPU
		{DEA2B2DE-F8B9-48CD-B114-2E477DB31D6C}.Debug|iPhoneSimulator.Build.0 = Debug|Any CPU
		{DEA2B2DE-F8B9-48CD-B114-2E477DB31D6C}.Debug|iPhoneSimulator.Deploy.0 = Debug|Any CPU
		{DEA2B2DE-F8B9-48CD-B114-2E477DB31D6C}.Debug|x64.ActiveCfg = Debug|Any CPU
		{DEA2B2DE-F8B9-48CD-B114-2E477DB31D6C}.Debug|x64.Build.0 = Debug|Any CPU
		{DEA2B2DE-F8B9-48CD-B114-2E477DB31D6C}.Debug|x64.Deploy.0 = Debug|Any CPU
		{DEA2B2DE-F8B9-48CD-B114-2E477DB31D6C}.Debug|x86.ActiveCfg = Debug|Any CPU
		{DEA2B2DE-F8B9-48CD-B114-2E477DB31D6C}.Debug|x86.Build.0 = Debug|Any CPU
		{DEA2B2DE-F8B9-48CD-B114-2E477DB31D6C}.Debug|x86.Deploy.0 = Debug|Any CPU
		{DEA2B2DE-F8B9-48CD-B114-2E477DB31D6C}.Release|Any CPU.ActiveCfg = Release|Any CPU
		{DEA2B2DE-F8B9-48CD-B114-2E477DB31D6C}.Release|Any CPU.Build.0 = Release|Any CPU
		{DEA2B2DE-F8B9-48CD-B114-2E477DB31D6C}.Release|Any CPU.Deploy.0 = Release|Any CPU
		{DEA2B2DE-F8B9-48CD-B114-2E477DB31D6C}.Release|ARM.ActiveCfg = Release|Any CPU
		{DEA2B2DE-F8B9-48CD-B114-2E477DB31D6C}.Release|ARM.Build.0 = Release|Any CPU
		{DEA2B2DE-F8B9-48CD-B114-2E477DB31D6C}.Release|ARM.Deploy.0 = Release|Any CPU
		{DEA2B2DE-F8B9-48CD-B114-2E477DB31D6C}.Release|iPhone.ActiveCfg = Release|Any CPU
		{DEA2B2DE-F8B9-48CD-B114-2E477DB31D6C}.Release|iPhone.Build.0 = Release|Any CPU
		{DEA2B2DE-F8B9-48CD-B114-2E477DB31D6C}.Release|iPhone.Deploy.0 = Release|Any CPU
		{DEA2B2DE-F8B9-48CD-B114-2E477DB31D6C}.Release|iPhoneSimulator.ActiveCfg = Release|Any CPU
		{DEA2B2DE-F8B9-48CD-B114-2E477DB31D6C}.Release|iPhoneSimulator.Build.0 = Release|Any CPU
		{DEA2B2DE-F8B9-48CD-B114-2E477DB31D6C}.Release|iPhoneSimulator.Deploy.0 = Release|Any CPU
		{DEA2B2DE-F8B9-48CD-B114-2E477DB31D6C}.Release|x64.ActiveCfg = Release|Any CPU
		{DEA2B2DE-F8B9-48CD-B114-2E477DB31D6C}.Release|x64.Build.0 = Release|Any CPU
		{DEA2B2DE-F8B9-48CD-B114-2E477DB31D6C}.Release|x64.Deploy.0 = Release|Any CPU
		{DEA2B2DE-F8B9-48CD-B114-2E477DB31D6C}.Release|x86.ActiveCfg = Release|Any CPU
		{DEA2B2DE-F8B9-48CD-B114-2E477DB31D6C}.Release|x86.Build.0 = Release|Any CPU
		{DEA2B2DE-F8B9-48CD-B114-2E477DB31D6C}.Release|x86.Deploy.0 = Release|Any CPU
		{632948EB-BD83-4B61-8EBD-A00A9F79B4CD}.Ad-Hoc|Any CPU.ActiveCfg = Ad-Hoc|iPhone
		{632948EB-BD83-4B61-8EBD-A00A9F79B4CD}.Ad-Hoc|Any CPU.Build.0 = Ad-Hoc|iPhone
		{632948EB-BD83-4B61-8EBD-A00A9F79B4CD}.Ad-Hoc|Any CPU.Deploy.0 = Ad-Hoc|iPhone
		{632948EB-BD83-4B61-8EBD-A00A9F79B4CD}.Ad-Hoc|ARM.ActiveCfg = Ad-Hoc|iPhone
		{632948EB-BD83-4B61-8EBD-A00A9F79B4CD}.Ad-Hoc|ARM.Build.0 = Ad-Hoc|iPhone
		{632948EB-BD83-4B61-8EBD-A00A9F79B4CD}.Ad-Hoc|ARM.Deploy.0 = Ad-Hoc|iPhone
		{632948EB-BD83-4B61-8EBD-A00A9F79B4CD}.Ad-Hoc|iPhone.ActiveCfg = Ad-Hoc|iPhone
		{632948EB-BD83-4B61-8EBD-A00A9F79B4CD}.Ad-Hoc|iPhone.Build.0 = Ad-Hoc|iPhone
		{632948EB-BD83-4B61-8EBD-A00A9F79B4CD}.Ad-Hoc|iPhone.Deploy.0 = Ad-Hoc|iPhone
		{632948EB-BD83-4B61-8EBD-A00A9F79B4CD}.Ad-Hoc|iPhoneSimulator.ActiveCfg = Ad-Hoc|iPhoneSimulator
		{632948EB-BD83-4B61-8EBD-A00A9F79B4CD}.Ad-Hoc|iPhoneSimulator.Build.0 = Ad-Hoc|iPhoneSimulator
		{632948EB-BD83-4B61-8EBD-A00A9F79B4CD}.Ad-Hoc|iPhoneSimulator.Deploy.0 = Ad-Hoc|iPhoneSimulator
		{632948EB-BD83-4B61-8EBD-A00A9F79B4CD}.Ad-Hoc|x64.ActiveCfg = Ad-Hoc|iPhone
		{632948EB-BD83-4B61-8EBD-A00A9F79B4CD}.Ad-Hoc|x64.Build.0 = Ad-Hoc|iPhone
		{632948EB-BD83-4B61-8EBD-A00A9F79B4CD}.Ad-Hoc|x64.Deploy.0 = Ad-Hoc|iPhone
		{632948EB-BD83-4B61-8EBD-A00A9F79B4CD}.Ad-Hoc|x86.ActiveCfg = Ad-Hoc|iPhone
		{632948EB-BD83-4B61-8EBD-A00A9F79B4CD}.Ad-Hoc|x86.Build.0 = Ad-Hoc|iPhone
		{632948EB-BD83-4B61-8EBD-A00A9F79B4CD}.Ad-Hoc|x86.Deploy.0 = Ad-Hoc|iPhone
		{632948EB-BD83-4B61-8EBD-A00A9F79B4CD}.AppStore|Any CPU.ActiveCfg = AppStore|iPhone
		{632948EB-BD83-4B61-8EBD-A00A9F79B4CD}.AppStore|Any CPU.Build.0 = AppStore|iPhone
		{632948EB-BD83-4B61-8EBD-A00A9F79B4CD}.AppStore|Any CPU.Deploy.0 = AppStore|iPhone
		{632948EB-BD83-4B61-8EBD-A00A9F79B4CD}.AppStore|ARM.ActiveCfg = AppStore|iPhone
		{632948EB-BD83-4B61-8EBD-A00A9F79B4CD}.AppStore|ARM.Build.0 = AppStore|iPhone
		{632948EB-BD83-4B61-8EBD-A00A9F79B4CD}.AppStore|ARM.Deploy.0 = AppStore|iPhone
		{632948EB-BD83-4B61-8EBD-A00A9F79B4CD}.AppStore|iPhone.ActiveCfg = AppStore|iPhone
		{632948EB-BD83-4B61-8EBD-A00A9F79B4CD}.AppStore|iPhone.Build.0 = AppStore|iPhone
		{632948EB-BD83-4B61-8EBD-A00A9F79B4CD}.AppStore|iPhone.Deploy.0 = AppStore|iPhone
		{632948EB-BD83-4B61-8EBD-A00A9F79B4CD}.AppStore|iPhoneSimulator.ActiveCfg = AppStore|iPhoneSimulator
		{632948EB-BD83-4B61-8EBD-A00A9F79B4CD}.AppStore|iPhoneSimulator.Build.0 = AppStore|iPhoneSimulator
		{632948EB-BD83-4B61-8EBD-A00A9F79B4CD}.AppStore|iPhoneSimulator.Deploy.0 = AppStore|iPhoneSimulator
		{632948EB-BD83-4B61-8EBD-A00A9F79B4CD}.AppStore|x64.ActiveCfg = AppStore|iPhone
		{632948EB-BD83-4B61-8EBD-A00A9F79B4CD}.AppStore|x64.Build.0 = AppStore|iPhone
		{632948EB-BD83-4B61-8EBD-A00A9F79B4CD}.AppStore|x64.Deploy.0 = AppStore|iPhone
		{632948EB-BD83-4B61-8EBD-A00A9F79B4CD}.AppStore|x86.ActiveCfg = AppStore|iPhone
		{632948EB-BD83-4B61-8EBD-A00A9F79B4CD}.AppStore|x86.Build.0 = AppStore|iPhone
		{632948EB-BD83-4B61-8EBD-A00A9F79B4CD}.AppStore|x86.Deploy.0 = AppStore|iPhone
		{632948EB-BD83-4B61-8EBD-A00A9F79B4CD}.Debug|Any CPU.ActiveCfg = Debug|iPhoneSimulator
		{632948EB-BD83-4B61-8EBD-A00A9F79B4CD}.Debug|Any CPU.Build.0 = Debug|iPhoneSimulator
		{632948EB-BD83-4B61-8EBD-A00A9F79B4CD}.Debug|Any CPU.Deploy.0 = Debug|iPhoneSimulator
		{632948EB-BD83-4B61-8EBD-A00A9F79B4CD}.Debug|ARM.ActiveCfg = Debug|iPhone
		{632948EB-BD83-4B61-8EBD-A00A9F79B4CD}.Debug|ARM.Build.0 = Debug|iPhone
		{632948EB-BD83-4B61-8EBD-A00A9F79B4CD}.Debug|ARM.Deploy.0 = Debug|iPhone
		{632948EB-BD83-4B61-8EBD-A00A9F79B4CD}.Debug|iPhone.ActiveCfg = Debug|iPhone
		{632948EB-BD83-4B61-8EBD-A00A9F79B4CD}.Debug|iPhone.Build.0 = Debug|iPhone
		{632948EB-BD83-4B61-8EBD-A00A9F79B4CD}.Debug|iPhone.Deploy.0 = Debug|iPhone
		{632948EB-BD83-4B61-8EBD-A00A9F79B4CD}.Debug|iPhoneSimulator.ActiveCfg = Debug|iPhoneSimulator
		{632948EB-BD83-4B61-8EBD-A00A9F79B4CD}.Debug|iPhoneSimulator.Build.0 = Debug|iPhoneSimulator
		{632948EB-BD83-4B61-8EBD-A00A9F79B4CD}.Debug|iPhoneSimulator.Deploy.0 = Debug|iPhoneSimulator
		{632948EB-BD83-4B61-8EBD-A00A9F79B4CD}.Debug|x64.ActiveCfg = Debug|iPhone
		{632948EB-BD83-4B61-8EBD-A00A9F79B4CD}.Debug|x64.Build.0 = Debug|iPhone
		{632948EB-BD83-4B61-8EBD-A00A9F79B4CD}.Debug|x64.Deploy.0 = Debug|iPhone
		{632948EB-BD83-4B61-8EBD-A00A9F79B4CD}.Debug|x86.ActiveCfg = Debug|iPhone
		{632948EB-BD83-4B61-8EBD-A00A9F79B4CD}.Debug|x86.Build.0 = Debug|iPhone
		{632948EB-BD83-4B61-8EBD-A00A9F79B4CD}.Debug|x86.Deploy.0 = Debug|iPhone
		{632948EB-BD83-4B61-8EBD-A00A9F79B4CD}.Release|Any CPU.ActiveCfg = Release|iPhone
		{632948EB-BD83-4B61-8EBD-A00A9F79B4CD}.Release|Any CPU.Build.0 = Release|iPhone
		{632948EB-BD83-4B61-8EBD-A00A9F79B4CD}.Release|Any CPU.Deploy.0 = Release|iPhone
		{632948EB-BD83-4B61-8EBD-A00A9F79B4CD}.Release|ARM.ActiveCfg = Release|iPhone
		{632948EB-BD83-4B61-8EBD-A00A9F79B4CD}.Release|ARM.Build.0 = Release|iPhone
		{632948EB-BD83-4B61-8EBD-A00A9F79B4CD}.Release|ARM.Deploy.0 = Release|iPhone
		{632948EB-BD83-4B61-8EBD-A00A9F79B4CD}.Release|iPhone.ActiveCfg = Release|iPhone
		{632948EB-BD83-4B61-8EBD-A00A9F79B4CD}.Release|iPhone.Build.0 = Release|iPhone
		{632948EB-BD83-4B61-8EBD-A00A9F79B4CD}.Release|iPhone.Deploy.0 = Release|iPhone
		{632948EB-BD83-4B61-8EBD-A00A9F79B4CD}.Release|iPhoneSimulator.ActiveCfg = Release|iPhoneSimulator
		{632948EB-BD83-4B61-8EBD-A00A9F79B4CD}.Release|iPhoneSimulator.Build.0 = Release|iPhoneSimulator
		{632948EB-BD83-4B61-8EBD-A00A9F79B4CD}.Release|iPhoneSimulator.Deploy.0 = Release|iPhoneSimulator
		{632948EB-BD83-4B61-8EBD-A00A9F79B4CD}.Release|x64.ActiveCfg = Release|iPhone
		{632948EB-BD83-4B61-8EBD-A00A9F79B4CD}.Release|x64.Build.0 = Release|iPhone
		{632948EB-BD83-4B61-8EBD-A00A9F79B4CD}.Release|x64.Deploy.0 = Release|iPhone
		{632948EB-BD83-4B61-8EBD-A00A9F79B4CD}.Release|x86.ActiveCfg = Release|iPhone
		{632948EB-BD83-4B61-8EBD-A00A9F79B4CD}.Release|x86.Build.0 = Release|iPhone
		{632948EB-BD83-4B61-8EBD-A00A9F79B4CD}.Release|x86.Deploy.0 = Release|iPhone
		{319B1983-81CA-487E-A246-B298CE6EA389}.Ad-Hoc|Any CPU.ActiveCfg = Release|x86
		{319B1983-81CA-487E-A246-B298CE6EA389}.Ad-Hoc|Any CPU.Build.0 = Release|x86
		{319B1983-81CA-487E-A246-B298CE6EA389}.Ad-Hoc|Any CPU.Deploy.0 = Release|x86
		{319B1983-81CA-487E-A246-B298CE6EA389}.Ad-Hoc|ARM.ActiveCfg = Release|ARM
		{319B1983-81CA-487E-A246-B298CE6EA389}.Ad-Hoc|ARM.Build.0 = Release|ARM
		{319B1983-81CA-487E-A246-B298CE6EA389}.Ad-Hoc|ARM.Deploy.0 = Release|ARM
		{319B1983-81CA-487E-A246-B298CE6EA389}.Ad-Hoc|iPhone.ActiveCfg = Release|x86
		{319B1983-81CA-487E-A246-B298CE6EA389}.Ad-Hoc|iPhone.Build.0 = Release|x86
		{319B1983-81CA-487E-A246-B298CE6EA389}.Ad-Hoc|iPhone.Deploy.0 = Release|x86
		{319B1983-81CA-487E-A246-B298CE6EA389}.Ad-Hoc|iPhoneSimulator.ActiveCfg = Release|x86
		{319B1983-81CA-487E-A246-B298CE6EA389}.Ad-Hoc|iPhoneSimulator.Build.0 = Release|x86
		{319B1983-81CA-487E-A246-B298CE6EA389}.Ad-Hoc|iPhoneSimulator.Deploy.0 = Release|x86
		{319B1983-81CA-487E-A246-B298CE6EA389}.Ad-Hoc|x64.ActiveCfg = Release|x64
		{319B1983-81CA-487E-A246-B298CE6EA389}.Ad-Hoc|x64.Build.0 = Release|x64
		{319B1983-81CA-487E-A246-B298CE6EA389}.Ad-Hoc|x64.Deploy.0 = Release|x64
		{319B1983-81CA-487E-A246-B298CE6EA389}.Ad-Hoc|x86.ActiveCfg = Release|x86
		{319B1983-81CA-487E-A246-B298CE6EA389}.Ad-Hoc|x86.Build.0 = Release|x86
		{319B1983-81CA-487E-A246-B298CE6EA389}.Ad-Hoc|x86.Deploy.0 = Release|x86
		{319B1983-81CA-487E-A246-B298CE6EA389}.AppStore|Any CPU.ActiveCfg = Release|x86
		{319B1983-81CA-487E-A246-B298CE6EA389}.AppStore|Any CPU.Build.0 = Release|x86
		{319B1983-81CA-487E-A246-B298CE6EA389}.AppStore|Any CPU.Deploy.0 = Release|x86
		{319B1983-81CA-487E-A246-B298CE6EA389}.AppStore|ARM.ActiveCfg = Release|ARM
		{319B1983-81CA-487E-A246-B298CE6EA389}.AppStore|ARM.Build.0 = Release|ARM
		{319B1983-81CA-487E-A246-B298CE6EA389}.AppStore|ARM.Deploy.0 = Release|ARM
		{319B1983-81CA-487E-A246-B298CE6EA389}.AppStore|iPhone.ActiveCfg = Release|x86
		{319B1983-81CA-487E-A246-B298CE6EA389}.AppStore|iPhone.Build.0 = Release|x86
		{319B1983-81CA-487E-A246-B298CE6EA389}.AppStore|iPhone.Deploy.0 = Release|x86
		{319B1983-81CA-487E-A246-B298CE6EA389}.AppStore|iPhoneSimulator.ActiveCfg = Release|x86
		{319B1983-81CA-487E-A246-B298CE6EA389}.AppStore|iPhoneSimulator.Build.0 = Release|x86
		{319B1983-81CA-487E-A246-B298CE6EA389}.AppStore|iPhoneSimulator.Deploy.0 = Release|x86
		{319B1983-81CA-487E-A246-B298CE6EA389}.AppStore|x64.ActiveCfg = Release|x64
		{319B1983-81CA-487E-A246-B298CE6EA389}.AppStore|x64.Build.0 = Release|x64
		{319B1983-81CA-487E-A246-B298CE6EA389}.AppStore|x64.Deploy.0 = Release|x64
		{319B1983-81CA-487E-A246-B298CE6EA389}.AppStore|x86.ActiveCfg = Release|x86
		{319B1983-81CA-487E-A246-B298CE6EA389}.AppStore|x86.Build.0 = Release|x86
		{319B1983-81CA-487E-A246-B298CE6EA389}.AppStore|x86.Deploy.0 = Release|x86
		{319B1983-81CA-487E-A246-B298CE6EA389}.Debug|Any CPU.ActiveCfg = Debug|x86
		{319B1983-81CA-487E-A246-B298CE6EA389}.Debug|Any CPU.Build.0 = Debug|x86
		{319B1983-81CA-487E-A246-B298CE6EA389}.Debug|Any CPU.Deploy.0 = Debug|x86
		{319B1983-81CA-487E-A246-B298CE6EA389}.Debug|ARM.ActiveCfg = Debug|ARM
		{319B1983-81CA-487E-A246-B298CE6EA389}.Debug|ARM.Build.0 = Debug|ARM
		{319B1983-81CA-487E-A246-B298CE6EA389}.Debug|ARM.Deploy.0 = Debug|ARM
		{319B1983-81CA-487E-A246-B298CE6EA389}.Debug|iPhone.ActiveCfg = Debug|x86
		{319B1983-81CA-487E-A246-B298CE6EA389}.Debug|iPhone.Build.0 = Debug|x86
		{319B1983-81CA-487E-A246-B298CE6EA389}.Debug|iPhone.Deploy.0 = Debug|x86
		{319B1983-81CA-487E-A246-B298CE6EA389}.Debug|iPhoneSimulator.ActiveCfg = Debug|x86
		{319B1983-81CA-487E-A246-B298CE6EA389}.Debug|iPhoneSimulator.Build.0 = Debug|x86
		{319B1983-81CA-487E-A246-B298CE6EA389}.Debug|iPhoneSimulator.Deploy.0 = Debug|x86
		{319B1983-81CA-487E-A246-B298CE6EA389}.Debug|x64.ActiveCfg = Debug|x64
		{319B1983-81CA-487E-A246-B298CE6EA389}.Debug|x64.Build.0 = Debug|x64
		{319B1983-81CA-487E-A246-B298CE6EA389}.Debug|x64.Deploy.0 = Debug|x64
		{319B1983-81CA-487E-A246-B298CE6EA389}.Debug|x86.ActiveCfg = Debug|x86
		{319B1983-81CA-487E-A246-B298CE6EA389}.Debug|x86.Build.0 = Debug|x86
		{319B1983-81CA-487E-A246-B298CE6EA389}.Debug|x86.Deploy.0 = Debug|x86
		{319B1983-81CA-487E-A246-B298CE6EA389}.Release|Any CPU.ActiveCfg = Release|x86
		{319B1983-81CA-487E-A246-B298CE6EA389}.Release|Any CPU.Build.0 = Release|x86
		{319B1983-81CA-487E-A246-B298CE6EA389}.Release|Any CPU.Deploy.0 = Release|x86
		{319B1983-81CA-487E-A246-B298CE6EA389}.Release|ARM.ActiveCfg = Release|ARM
		{319B1983-81CA-487E-A246-B298CE6EA389}.Release|ARM.Build.0 = Release|ARM
		{319B1983-81CA-487E-A246-B298CE6EA389}.Release|ARM.Deploy.0 = Release|ARM
		{319B1983-81CA-487E-A246-B298CE6EA389}.Release|iPhone.ActiveCfg = Release|x86
		{319B1983-81CA-487E-A246-B298CE6EA389}.Release|iPhone.Build.0 = Release|x86
		{319B1983-81CA-487E-A246-B298CE6EA389}.Release|iPhone.Deploy.0 = Release|x86
		{319B1983-81CA-487E-A246-B298CE6EA389}.Release|iPhoneSimulator.ActiveCfg = Release|x86
		{319B1983-81CA-487E-A246-B298CE6EA389}.Release|iPhoneSimulator.Build.0 = Release|x86
		{319B1983-81CA-487E-A246-B298CE6EA389}.Release|iPhoneSimulator.Deploy.0 = Release|x86
		{319B1983-81CA-487E-A246-B298CE6EA389}.Release|x64.ActiveCfg = Release|x64
		{319B1983-81CA-487E-A246-B298CE6EA389}.Release|x64.Build.0 = Release|x64
		{319B1983-81CA-487E-A246-B298CE6EA389}.Release|x64.Deploy.0 = Release|x64
		{319B1983-81CA-487E-A246-B298CE6EA389}.Release|x86.ActiveCfg = Release|x86
		{319B1983-81CA-487E-A246-B298CE6EA389}.Release|x86.Build.0 = Release|x86
		{319B1983-81CA-487E-A246-B298CE6EA389}.Release|x86.Deploy.0 = Release|x86
		{60DA5FCC-1D49-4D19-AD99-44F9B0EAFB2D}.Ad-Hoc|Any CPU.ActiveCfg = Debug|Any CPU
		{60DA5FCC-1D49-4D19-AD99-44F9B0EAFB2D}.Ad-Hoc|Any CPU.Build.0 = Debug|Any CPU
		{60DA5FCC-1D49-4D19-AD99-44F9B0EAFB2D}.Ad-Hoc|Any CPU.Deploy.0 = Debug|Any CPU
		{60DA5FCC-1D49-4D19-AD99-44F9B0EAFB2D}.Ad-Hoc|ARM.ActiveCfg = Debug|Any CPU
		{60DA5FCC-1D49-4D19-AD99-44F9B0EAFB2D}.Ad-Hoc|ARM.Build.0 = Debug|Any CPU
		{60DA5FCC-1D49-4D19-AD99-44F9B0EAFB2D}.Ad-Hoc|ARM.Deploy.0 = Debug|Any CPU
		{60DA5FCC-1D49-4D19-AD99-44F9B0EAFB2D}.Ad-Hoc|iPhone.ActiveCfg = Debug|Any CPU
		{60DA5FCC-1D49-4D19-AD99-44F9B0EAFB2D}.Ad-Hoc|iPhone.Build.0 = Debug|Any CPU
		{60DA5FCC-1D49-4D19-AD99-44F9B0EAFB2D}.Ad-Hoc|iPhone.Deploy.0 = Debug|Any CPU
		{60DA5FCC-1D49-4D19-AD99-44F9B0EAFB2D}.Ad-Hoc|iPhoneSimulator.ActiveCfg = Debug|Any CPU
		{60DA5FCC-1D49-4D19-AD99-44F9B0EAFB2D}.Ad-Hoc|iPhoneSimulator.Build.0 = Debug|Any CPU
		{60DA5FCC-1D49-4D19-AD99-44F9B0EAFB2D}.Ad-Hoc|iPhoneSimulator.Deploy.0 = Debug|Any CPU
		{60DA5FCC-1D49-4D19-AD99-44F9B0EAFB2D}.Ad-Hoc|x64.ActiveCfg = Debug|Any CPU
		{60DA5FCC-1D49-4D19-AD99-44F9B0EAFB2D}.Ad-Hoc|x64.Build.0 = Debug|Any CPU
		{60DA5FCC-1D49-4D19-AD99-44F9B0EAFB2D}.Ad-Hoc|x64.Deploy.0 = Debug|Any CPU
		{60DA5FCC-1D49-4D19-AD99-44F9B0EAFB2D}.Ad-Hoc|x86.ActiveCfg = Debug|Any CPU
		{60DA5FCC-1D49-4D19-AD99-44F9B0EAFB2D}.Ad-Hoc|x86.Build.0 = Debug|Any CPU
		{60DA5FCC-1D49-4D19-AD99-44F9B0EAFB2D}.Ad-Hoc|x86.Deploy.0 = Debug|Any CPU
		{60DA5FCC-1D49-4D19-AD99-44F9B0EAFB2D}.AppStore|Any CPU.ActiveCfg = Debug|Any CPU
		{60DA5FCC-1D49-4D19-AD99-44F9B0EAFB2D}.AppStore|Any CPU.Build.0 = Debug|Any CPU
		{60DA5FCC-1D49-4D19-AD99-44F9B0EAFB2D}.AppStore|Any CPU.Deploy.0 = Debug|Any CPU
		{60DA5FCC-1D49-4D19-AD99-44F9B0EAFB2D}.AppStore|ARM.ActiveCfg = Debug|Any CPU
		{60DA5FCC-1D49-4D19-AD99-44F9B0EAFB2D}.AppStore|ARM.Build.0 = Debug|Any CPU
		{60DA5FCC-1D49-4D19-AD99-44F9B0EAFB2D}.AppStore|ARM.Deploy.0 = Debug|Any CPU
		{60DA5FCC-1D49-4D19-AD99-44F9B0EAFB2D}.AppStore|iPhone.ActiveCfg = Debug|Any CPU
		{60DA5FCC-1D49-4D19-AD99-44F9B0EAFB2D}.AppStore|iPhone.Build.0 = Debug|Any CPU
		{60DA5FCC-1D49-4D19-AD99-44F9B0EAFB2D}.AppStore|iPhone.Deploy.0 = Debug|Any CPU
		{60DA5FCC-1D49-4D19-AD99-44F9B0EAFB2D}.AppStore|iPhoneSimulator.ActiveCfg = Debug|Any CPU
		{60DA5FCC-1D49-4D19-AD99-44F9B0EAFB2D}.AppStore|iPhoneSimulator.Build.0 = Debug|Any CPU
		{60DA5FCC-1D49-4D19-AD99-44F9B0EAFB2D}.AppStore|iPhoneSimulator.Deploy.0 = Debug|Any CPU
		{60DA5FCC-1D49-4D19-AD99-44F9B0EAFB2D}.AppStore|x64.ActiveCfg = Debug|Any CPU
		{60DA5FCC-1D49-4D19-AD99-44F9B0EAFB2D}.AppStore|x64.Build.0 = Debug|Any CPU
		{60DA5FCC-1D49-4D19-AD99-44F9B0EAFB2D}.AppStore|x64.Deploy.0 = Debug|Any CPU
		{60DA5FCC-1D49-4D19-AD99-44F9B0EAFB2D}.AppStore|x86.ActiveCfg = Debug|Any CPU
		{60DA5FCC-1D49-4D19-AD99-44F9B0EAFB2D}.AppStore|x86.Build.0 = Debug|Any CPU
		{60DA5FCC-1D49-4D19-AD99-44F9B0EAFB2D}.AppStore|x86.Deploy.0 = Debug|Any CPU
		{60DA5FCC-1D49-4D19-AD99-44F9B0EAFB2D}.Debug|Any CPU.ActiveCfg = Debug|Any CPU
		{60DA5FCC-1D49-4D19-AD99-44F9B0EAFB2D}.Debug|Any CPU.Build.0 = Debug|Any CPU
		{60DA5FCC-1D49-4D19-AD99-44F9B0EAFB2D}.Debug|Any CPU.Deploy.0 = Debug|Any CPU
		{60DA5FCC-1D49-4D19-AD99-44F9B0EAFB2D}.Debug|ARM.ActiveCfg = Debug|Any CPU
		{60DA5FCC-1D49-4D19-AD99-44F9B0EAFB2D}.Debug|ARM.Build.0 = Debug|Any CPU
		{60DA5FCC-1D49-4D19-AD99-44F9B0EAFB2D}.Debug|ARM.Deploy.0 = Debug|Any CPU
		{60DA5FCC-1D49-4D19-AD99-44F9B0EAFB2D}.Debug|iPhone.ActiveCfg = Debug|Any CPU
		{60DA5FCC-1D49-4D19-AD99-44F9B0EAFB2D}.Debug|iPhone.Build.0 = Debug|Any CPU
		{60DA5FCC-1D49-4D19-AD99-44F9B0EAFB2D}.Debug|iPhone.Deploy.0 = Debug|Any CPU
		{60DA5FCC-1D49-4D19-AD99-44F9B0EAFB2D}.Debug|iPhoneSimulator.ActiveCfg = Debug|Any CPU
		{60DA5FCC-1D49-4D19-AD99-44F9B0EAFB2D}.Debug|iPhoneSimulator.Build.0 = Debug|Any CPU
		{60DA5FCC-1D49-4D19-AD99-44F9B0EAFB2D}.Debug|iPhoneSimulator.Deploy.0 = Debug|Any CPU
		{60DA5FCC-1D49-4D19-AD99-44F9B0EAFB2D}.Debug|x64.ActiveCfg = Debug|Any CPU
		{60DA5FCC-1D49-4D19-AD99-44F9B0EAFB2D}.Debug|x64.Build.0 = Debug|Any CPU
		{60DA5FCC-1D49-4D19-AD99-44F9B0EAFB2D}.Debug|x64.Deploy.0 = Debug|Any CPU
		{60DA5FCC-1D49-4D19-AD99-44F9B0EAFB2D}.Debug|x86.ActiveCfg = Debug|Any CPU
		{60DA5FCC-1D49-4D19-AD99-44F9B0EAFB2D}.Debug|x86.Build.0 = Debug|Any CPU
		{60DA5FCC-1D49-4D19-AD99-44F9B0EAFB2D}.Debug|x86.Deploy.0 = Debug|Any CPU
		{60DA5FCC-1D49-4D19-AD99-44F9B0EAFB2D}.Release|Any CPU.ActiveCfg = Release|Any CPU
		{60DA5FCC-1D49-4D19-AD99-44F9B0EAFB2D}.Release|Any CPU.Build.0 = Release|Any CPU
		{60DA5FCC-1D49-4D19-AD99-44F9B0EAFB2D}.Release|Any CPU.Deploy.0 = Release|Any CPU
		{60DA5FCC-1D49-4D19-AD99-44F9B0EAFB2D}.Release|ARM.ActiveCfg = Release|Any CPU
		{60DA5FCC-1D49-4D19-AD99-44F9B0EAFB2D}.Release|ARM.Build.0 = Release|Any CPU
		{60DA5FCC-1D49-4D19-AD99-44F9B0EAFB2D}.Release|ARM.Deploy.0 = Release|Any CPU
		{60DA5FCC-1D49-4D19-AD99-44F9B0EAFB2D}.Release|iPhone.ActiveCfg = Release|Any CPU
		{60DA5FCC-1D49-4D19-AD99-44F9B0EAFB2D}.Release|iPhone.Build.0 = Release|Any CPU
		{60DA5FCC-1D49-4D19-AD99-44F9B0EAFB2D}.Release|iPhone.Deploy.0 = Release|Any CPU
		{60DA5FCC-1D49-4D19-AD99-44F9B0EAFB2D}.Release|iPhoneSimulator.ActiveCfg = Release|Any CPU
		{60DA5FCC-1D49-4D19-AD99-44F9B0EAFB2D}.Release|iPhoneSimulator.Build.0 = Release|Any CPU
		{60DA5FCC-1D49-4D19-AD99-44F9B0EAFB2D}.Release|iPhoneSimulator.Deploy.0 = Release|Any CPU
		{60DA5FCC-1D49-4D19-AD99-44F9B0EAFB2D}.Release|x64.ActiveCfg = Release|Any CPU
		{60DA5FCC-1D49-4D19-AD99-44F9B0EAFB2D}.Release|x64.Build.0 = Release|Any CPU
		{60DA5FCC-1D49-4D19-AD99-44F9B0EAFB2D}.Release|x64.Deploy.0 = Release|Any CPU
		{60DA5FCC-1D49-4D19-AD99-44F9B0EAFB2D}.Release|x86.ActiveCfg = Release|Any CPU
		{60DA5FCC-1D49-4D19-AD99-44F9B0EAFB2D}.Release|x86.Build.0 = Release|Any CPU
		{60DA5FCC-1D49-4D19-AD99-44F9B0EAFB2D}.Release|x86.Deploy.0 = Release|Any CPU
		{E1E08854-E066-4DD3-9E69-9520E58D9362}.Ad-Hoc|Any CPU.ActiveCfg = Debug|Any CPU
		{E1E08854-E066-4DD3-9E69-9520E58D9362}.Ad-Hoc|Any CPU.Build.0 = Debug|Any CPU
		{E1E08854-E066-4DD3-9E69-9520E58D9362}.Ad-Hoc|ARM.ActiveCfg = Debug|Any CPU
		{E1E08854-E066-4DD3-9E69-9520E58D9362}.Ad-Hoc|ARM.Build.0 = Debug|Any CPU
		{E1E08854-E066-4DD3-9E69-9520E58D9362}.Ad-Hoc|iPhone.ActiveCfg = Debug|Any CPU
		{E1E08854-E066-4DD3-9E69-9520E58D9362}.Ad-Hoc|iPhone.Build.0 = Debug|Any CPU
		{E1E08854-E066-4DD3-9E69-9520E58D9362}.Ad-Hoc|iPhoneSimulator.ActiveCfg = Debug|Any CPU
		{E1E08854-E066-4DD3-9E69-9520E58D9362}.Ad-Hoc|iPhoneSimulator.Build.0 = Debug|Any CPU
		{E1E08854-E066-4DD3-9E69-9520E58D9362}.Ad-Hoc|x64.ActiveCfg = Debug|Any CPU
		{E1E08854-E066-4DD3-9E69-9520E58D9362}.Ad-Hoc|x64.Build.0 = Debug|Any CPU
		{E1E08854-E066-4DD3-9E69-9520E58D9362}.Ad-Hoc|x86.ActiveCfg = Debug|Any CPU
		{E1E08854-E066-4DD3-9E69-9520E58D9362}.Ad-Hoc|x86.Build.0 = Debug|Any CPU
		{E1E08854-E066-4DD3-9E69-9520E58D9362}.AppStore|Any CPU.ActiveCfg = Debug|Any CPU
		{E1E08854-E066-4DD3-9E69-9520E58D9362}.AppStore|Any CPU.Build.0 = Debug|Any CPU
		{E1E08854-E066-4DD3-9E69-9520E58D9362}.AppStore|ARM.ActiveCfg = Debug|Any CPU
		{E1E08854-E066-4DD3-9E69-9520E58D9362}.AppStore|ARM.Build.0 = Debug|Any CPU
		{E1E08854-E066-4DD3-9E69-9520E58D9362}.AppStore|iPhone.ActiveCfg = Debug|Any CPU
		{E1E08854-E066-4DD3-9E69-9520E58D9362}.AppStore|iPhone.Build.0 = Debug|Any CPU
		{E1E08854-E066-4DD3-9E69-9520E58D9362}.AppStore|iPhoneSimulator.ActiveCfg = Debug|Any CPU
		{E1E08854-E066-4DD3-9E69-9520E58D9362}.AppStore|iPhoneSimulator.Build.0 = Debug|Any CPU
		{E1E08854-E066-4DD3-9E69-9520E58D9362}.AppStore|x64.ActiveCfg = Debug|Any CPU
		{E1E08854-E066-4DD3-9E69-9520E58D9362}.AppStore|x64.Build.0 = Debug|Any CPU
		{E1E08854-E066-4DD3-9E69-9520E58D9362}.AppStore|x86.ActiveCfg = Debug|Any CPU
		{E1E08854-E066-4DD3-9E69-9520E58D9362}.AppStore|x86.Build.0 = Debug|Any CPU
		{E1E08854-E066-4DD3-9E69-9520E58D9362}.Debug|Any CPU.ActiveCfg = Debug|Any CPU
		{E1E08854-E066-4DD3-9E69-9520E58D9362}.Debug|Any CPU.Build.0 = Debug|Any CPU
		{E1E08854-E066-4DD3-9E69-9520E58D9362}.Debug|ARM.ActiveCfg = Debug|Any CPU
		{E1E08854-E066-4DD3-9E69-9520E58D9362}.Debug|ARM.Build.0 = Debug|Any CPU
		{E1E08854-E066-4DD3-9E69-9520E58D9362}.Debug|iPhone.ActiveCfg = Debug|Any CPU
		{E1E08854-E066-4DD3-9E69-9520E58D9362}.Debug|iPhone.Build.0 = Debug|Any CPU
		{E1E08854-E066-4DD3-9E69-9520E58D9362}.Debug|iPhoneSimulator.ActiveCfg = Debug|Any CPU
		{E1E08854-E066-4DD3-9E69-9520E58D9362}.Debug|iPhoneSimulator.Build.0 = Debug|Any CPU
		{E1E08854-E066-4DD3-9E69-9520E58D9362}.Debug|x64.ActiveCfg = Debug|Any CPU
		{E1E08854-E066-4DD3-9E69-9520E58D9362}.Debug|x64.Build.0 = Debug|Any CPU
		{E1E08854-E066-4DD3-9E69-9520E58D9362}.Debug|x86.ActiveCfg = Debug|Any CPU
		{E1E08854-E066-4DD3-9E69-9520E58D9362}.Debug|x86.Build.0 = Debug|Any CPU
		{E1E08854-E066-4DD3-9E69-9520E58D9362}.Release|Any CPU.ActiveCfg = Release|Any CPU
		{E1E08854-E066-4DD3-9E69-9520E58D9362}.Release|Any CPU.Build.0 = Release|Any CPU
		{E1E08854-E066-4DD3-9E69-9520E58D9362}.Release|ARM.ActiveCfg = Release|Any CPU
		{E1E08854-E066-4DD3-9E69-9520E58D9362}.Release|ARM.Build.0 = Release|Any CPU
		{E1E08854-E066-4DD3-9E69-9520E58D9362}.Release|iPhone.ActiveCfg = Release|Any CPU
		{E1E08854-E066-4DD3-9E69-9520E58D9362}.Release|iPhone.Build.0 = Release|Any CPU
		{E1E08854-E066-4DD3-9E69-9520E58D9362}.Release|iPhoneSimulator.ActiveCfg = Release|Any CPU
		{E1E08854-E066-4DD3-9E69-9520E58D9362}.Release|iPhoneSimulator.Build.0 = Release|Any CPU
		{E1E08854-E066-4DD3-9E69-9520E58D9362}.Release|x64.ActiveCfg = Release|Any CPU
		{E1E08854-E066-4DD3-9E69-9520E58D9362}.Release|x64.Build.0 = Release|Any CPU
		{E1E08854-E066-4DD3-9E69-9520E58D9362}.Release|x86.ActiveCfg = Release|Any CPU
		{E1E08854-E066-4DD3-9E69-9520E58D9362}.Release|x86.Build.0 = Release|Any CPU
		{94623C62-8117-418A-8AB3-29291E6EAE11}.Ad-Hoc|Any CPU.ActiveCfg = Debug|Any CPU
		{94623C62-8117-418A-8AB3-29291E6EAE11}.Ad-Hoc|Any CPU.Build.0 = Debug|Any CPU
		{94623C62-8117-418A-8AB3-29291E6EAE11}.Ad-Hoc|ARM.ActiveCfg = Debug|Any CPU
		{94623C62-8117-418A-8AB3-29291E6EAE11}.Ad-Hoc|ARM.Build.0 = Debug|Any CPU
		{94623C62-8117-418A-8AB3-29291E6EAE11}.Ad-Hoc|iPhone.ActiveCfg = Debug|Any CPU
		{94623C62-8117-418A-8AB3-29291E6EAE11}.Ad-Hoc|iPhone.Build.0 = Debug|Any CPU
		{94623C62-8117-418A-8AB3-29291E6EAE11}.Ad-Hoc|iPhoneSimulator.ActiveCfg = Debug|Any CPU
		{94623C62-8117-418A-8AB3-29291E6EAE11}.Ad-Hoc|iPhoneSimulator.Build.0 = Debug|Any CPU
		{94623C62-8117-418A-8AB3-29291E6EAE11}.Ad-Hoc|x64.ActiveCfg = Debug|Any CPU
		{94623C62-8117-418A-8AB3-29291E6EAE11}.Ad-Hoc|x64.Build.0 = Debug|Any CPU
		{94623C62-8117-418A-8AB3-29291E6EAE11}.Ad-Hoc|x86.ActiveCfg = Debug|Any CPU
		{94623C62-8117-418A-8AB3-29291E6EAE11}.Ad-Hoc|x86.Build.0 = Debug|Any CPU
		{94623C62-8117-418A-8AB3-29291E6EAE11}.AppStore|Any CPU.ActiveCfg = Debug|Any CPU
		{94623C62-8117-418A-8AB3-29291E6EAE11}.AppStore|Any CPU.Build.0 = Debug|Any CPU
		{94623C62-8117-418A-8AB3-29291E6EAE11}.AppStore|ARM.ActiveCfg = Debug|Any CPU
		{94623C62-8117-418A-8AB3-29291E6EAE11}.AppStore|ARM.Build.0 = Debug|Any CPU
		{94623C62-8117-418A-8AB3-29291E6EAE11}.AppStore|iPhone.ActiveCfg = Debug|Any CPU
		{94623C62-8117-418A-8AB3-29291E6EAE11}.AppStore|iPhone.Build.0 = Debug|Any CPU
		{94623C62-8117-418A-8AB3-29291E6EAE11}.AppStore|iPhoneSimulator.ActiveCfg = Debug|Any CPU
		{94623C62-8117-418A-8AB3-29291E6EAE11}.AppStore|iPhoneSimulator.Build.0 = Debug|Any CPU
		{94623C62-8117-418A-8AB3-29291E6EAE11}.AppStore|x64.ActiveCfg = Debug|Any CPU
		{94623C62-8117-418A-8AB3-29291E6EAE11}.AppStore|x64.Build.0 = Debug|Any CPU
		{94623C62-8117-418A-8AB3-29291E6EAE11}.AppStore|x86.ActiveCfg = Debug|Any CPU
		{94623C62-8117-418A-8AB3-29291E6EAE11}.AppStore|x86.Build.0 = Debug|Any CPU
		{94623C62-8117-418A-8AB3-29291E6EAE11}.Debug|Any CPU.ActiveCfg = Debug|Any CPU
		{94623C62-8117-418A-8AB3-29291E6EAE11}.Debug|Any CPU.Build.0 = Debug|Any CPU
		{94623C62-8117-418A-8AB3-29291E6EAE11}.Debug|ARM.ActiveCfg = Debug|Any CPU
		{94623C62-8117-418A-8AB3-29291E6EAE11}.Debug|ARM.Build.0 = Debug|Any CPU
		{94623C62-8117-418A-8AB3-29291E6EAE11}.Debug|iPhone.ActiveCfg = Debug|Any CPU
		{94623C62-8117-418A-8AB3-29291E6EAE11}.Debug|iPhone.Build.0 = Debug|Any CPU
		{94623C62-8117-418A-8AB3-29291E6EAE11}.Debug|iPhoneSimulator.ActiveCfg = Debug|Any CPU
		{94623C62-8117-418A-8AB3-29291E6EAE11}.Debug|iPhoneSimulator.Build.0 = Debug|Any CPU
		{94623C62-8117-418A-8AB3-29291E6EAE11}.Debug|x64.ActiveCfg = Debug|Any CPU
		{94623C62-8117-418A-8AB3-29291E6EAE11}.Debug|x64.Build.0 = Debug|Any CPU
		{94623C62-8117-418A-8AB3-29291E6EAE11}.Debug|x86.ActiveCfg = Debug|Any CPU
		{94623C62-8117-418A-8AB3-29291E6EAE11}.Debug|x86.Build.0 = Debug|Any CPU
		{94623C62-8117-418A-8AB3-29291E6EAE11}.Release|Any CPU.ActiveCfg = Release|Any CPU
		{94623C62-8117-418A-8AB3-29291E6EAE11}.Release|Any CPU.Build.0 = Release|Any CPU
		{94623C62-8117-418A-8AB3-29291E6EAE11}.Release|ARM.ActiveCfg = Release|Any CPU
		{94623C62-8117-418A-8AB3-29291E6EAE11}.Release|ARM.Build.0 = Release|Any CPU
		{94623C62-8117-418A-8AB3-29291E6EAE11}.Release|iPhone.ActiveCfg = Release|Any CPU
		{94623C62-8117-418A-8AB3-29291E6EAE11}.Release|iPhone.Build.0 = Release|Any CPU
		{94623C62-8117-418A-8AB3-29291E6EAE11}.Release|iPhoneSimulator.ActiveCfg = Release|Any CPU
		{94623C62-8117-418A-8AB3-29291E6EAE11}.Release|iPhoneSimulator.Build.0 = Release|Any CPU
		{94623C62-8117-418A-8AB3-29291E6EAE11}.Release|x64.ActiveCfg = Release|Any CPU
		{94623C62-8117-418A-8AB3-29291E6EAE11}.Release|x64.Build.0 = Release|Any CPU
		{94623C62-8117-418A-8AB3-29291E6EAE11}.Release|x86.ActiveCfg = Release|Any CPU
		{94623C62-8117-418A-8AB3-29291E6EAE11}.Release|x86.Build.0 = Release|Any CPU
	EndGlobalSection
	GlobalSection(SolutionProperties) = preSolution
		HideSolutionNode = FALSE
	EndGlobalSection
	GlobalSection(NestedProjects) = preSolution
		{DEA2B2DE-F8B9-48CD-B114-2E477DB31D6C} = {FE50156A-2A47-45D6-A164-841EF75916B6}
		{632948EB-BD83-4B61-8EBD-A00A9F79B4CD} = {FE50156A-2A47-45D6-A164-841EF75916B6}
		{319B1983-81CA-487E-A246-B298CE6EA389} = {FE50156A-2A47-45D6-A164-841EF75916B6}
		{60DA5FCC-1D49-4D19-AD99-44F9B0EAFB2D} = {FE50156A-2A47-45D6-A164-841EF75916B6}
		{E1E08854-E066-4DD3-9E69-9520E58D9362} = {FE50156A-2A47-45D6-A164-841EF75916B6}
		{94623C62-8117-418A-8AB3-29291E6EAE11} = {7ACE9266-E8D1-4CE0-9672-D9D3CA518D1B}
	EndGlobalSection
	GlobalSection(ExtensibilityGlobals) = postSolution
		SolutionGuid = {A021EC0D-2515-4346-BBF8-91589B286980}
	EndGlobalSection
EndGlobal
